
Microsoft Visual Studio Solution File, Format Version 12.00
# Visual Studio Version 17
VisualStudioVersion = 17.0.31912.275
MinimumVisualStudioVersion = 10.0.40219.1
Project("{FAE04EC0-301F-11D3-BF4B-00C04F79EFBC}") = "LeetCode_Algorightms", "LeetCode_Algorightms\LeetCode_Algorightms.csproj", "{260987FD-B15A-4F58-8837-D644FA9B5B9A}"
EndProject
Global
	GlobalSection(SolutionConfigurationPlatforms) = preSolution
		Debug|Any CPU = Debug|Any CPU
		Release|Any CPU = Release|Any CPU
	EndGlobalSection
	GlobalSection(ProjectConfigurationPlatforms) = postSolution
		{260987FD-B15A-4F58-8837-D644FA9B5B9A}.Debug|Any CPU.ActiveCfg = Debug|Any CPU
		{260987FD-B15A-4F58-8837-D644FA9B5B9A}.Debug|Any CPU.Build.0 = Debug|Any CPU
		{260987FD-B15A-4F58-8837-D644FA9B5B9A}.Release|Any CPU.ActiveCfg = Release|Any CPU
		{260987FD-B15A-4F58-8837-D644FA9B5B9A}.Release|Any CPU.Build.0 = Release|Any CPU
	EndGlobalSection
	GlobalSection(SolutionProperties) = preSolution
		HideSolutionNode = FALSE
	EndGlobalSection
	GlobalSection(ExtensibilityGlobals) = postSolution
		SolutionGuid = {B6E5B64E-D121-44AC-8A76-0552EE9375D7}
	EndGlobalSection
EndGlobal
